
Microsoft Visual Studio Solution File, Format Version 12.00
# Visual Studio 15
VisualStudioVersion = 15.0.28307.168
MinimumVisualStudioVersion = 10.0.40219.1
Project("{FAE04EC0-301F-11D3-BF4B-00C04F79EFBC}") = "Common.Models", "Backend.Models\Common.Models.csproj", "{2BF34188-B6F3-4C8D-ACE6-30A0336881CB}"
EndProject
Project("{FAE04EC0-301F-11D3-BF4B-00C04F79EFBC}") = "Backend.Api", "Backend.Api\Backend.Api.csproj", "{413EB805-4842-4AC4-8A81-FCF41E53CB3C}"
EndProject
Project("{FAE04EC0-301F-11D3-BF4B-00C04F79EFBC}") = "Backend.Services", "Backend.Services\Backend.Services.csproj", "{C394B13D-E3BB-4BA7-9BF7-CB603DEA55E1}"
EndProject
Global
	GlobalSection(SolutionConfigurationPlatforms) = preSolution
		Debug|Any CPU = Debug|Any CPU
		Release|Any CPU = Release|Any CPU
	EndGlobalSection
	GlobalSection(ProjectConfigurationPlatforms) = postSolution
		{2BF34188-B6F3-4C8D-ACE6-30A0336881CB}.Debug|Any CPU.ActiveCfg = Debug|Any CPU
		{2BF34188-B6F3-4C8D-ACE6-30A0336881CB}.Debug|Any CPU.Build.0 = Debug|Any CPU
		{2BF34188-B6F3-4C8D-ACE6-30A0336881CB}.Release|Any CPU.ActiveCfg = Release|Any CPU
		{2BF34188-B6F3-4C8D-ACE6-30A0336881CB}.Release|Any CPU.Build.0 = Release|Any CPU
		{413EB805-4842-4AC4-8A81-FCF41E53CB3C}.Debug|Any CPU.ActiveCfg = Debug|Any CPU
		{413EB805-4842-4AC4-8A81-FCF41E53CB3C}.Debug|Any CPU.Build.0 = Debug|Any CPU
		{413EB805-4842-4AC4-8A81-FCF41E53CB3C}.Release|Any CPU.ActiveCfg = Release|Any CPU
		{413EB805-4842-4AC4-8A81-FCF41E53CB3C}.Release|Any CPU.Build.0 = Release|Any CPU
		{C394B13D-E3BB-4BA7-9BF7-CB603DEA55E1}.Debug|Any CPU.ActiveCfg = Debug|Any CPU
		{C394B13D-E3BB-4BA7-9BF7-CB603DEA55E1}.Debug|Any CPU.Build.0 = Debug|Any CPU
		{C394B13D-E3BB-4BA7-9BF7-CB603DEA55E1}.Release|Any CPU.ActiveCfg = Release|Any CPU
		{C394B13D-E3BB-4BA7-9BF7-CB603DEA55E1}.Release|Any CPU.Build.0 = Release|Any CPU
	EndGlobalSection
	GlobalSection(SolutionProperties) = preSolution
		HideSolutionNode = FALSE
	EndGlobalSection
	GlobalSection(ExtensibilityGlobals) = postSolution
		SolutionGuid = {3EF0967D-0176-4EB5-AD4B-0C3087A5EB92}
	EndGlobalSection
EndGlobal
